
Microsoft Visual Studio Solution File, Format Version 12.00
# Visual Studio Version 16
VisualStudioVersion = 16.0.32413.511
MinimumVisualStudioVersion = 10.0.40219.1
Project("{FAE04EC0-301F-11D3-BF4B-00C04F79EFBC}") = "ReadInt", "ReadInt\ReadInt.csproj", "{F4AD7516-010E-49A7-8096-3BCD6E3BC49A}"
EndProject
Global
	GlobalSection(SolutionConfigurationPlatforms) = preSolution
		Debug|Any CPU = Debug|Any CPU
		Release|Any CPU = Release|Any CPU
	EndGlobalSection
	GlobalSection(ProjectConfigurationPlatforms) = postSolution
		{F4AD7516-010E-49A7-8096-3BCD6E3BC49A}.Debug|Any CPU.ActiveCfg = Debug|Any CPU
		{F4AD7516-010E-49A7-8096-3BCD6E3BC49A}.Debug|Any CPU.Build.0 = Debug|Any CPU
		{F4AD7516-010E-49A7-8096-3BCD6E3BC49A}.Release|Any CPU.ActiveCfg = Release|Any CPU
		{F4AD7516-010E-49A7-8096-3BCD6E3BC49A}.Release|Any CPU.Build.0 = Release|Any CPU
	EndGlobalSection
	GlobalSection(SolutionProperties) = preSolution
		HideSolutionNode = FALSE
	EndGlobalSection
	GlobalSection(ExtensibilityGlobals) = postSolution
		SolutionGuid = {AF72A09E-BE71-4686-963C-2007A901FEEB}
	EndGlobalSection
EndGlobal
